
Microsoft Visual Studio Solution File, Format Version 12.00
# Visual Studio Version 16
VisualStudioVersion = 16.0.34031.81
MinimumVisualStudioVersion = 10.0.40219.1
Project("{FAE04EC0-301F-11D3-BF4B-00C04F79EFBC}") = "rentalManagementWebsite", "rentalManagementWebsite\rentalManagementWebsite.csproj", "{0A5E0B50-CC8B-4CB2-8F76-C6D7395F85A8}"
EndProject
Global
	GlobalSection(SolutionConfigurationPlatforms) = preSolution
		Debug|Any CPU = Debug|Any CPU
		Release|Any CPU = Release|Any CPU
	EndGlobalSection
	GlobalSection(ProjectConfigurationPlatforms) = postSolution
		{0A5E0B50-CC8B-4CB2-8F76-C6D7395F85A8}.Debug|Any CPU.ActiveCfg = Debug|Any CPU
		{0A5E0B50-CC8B-4CB2-8F76-C6D7395F85A8}.Debug|Any CPU.Build.0 = Debug|Any CPU
		{0A5E0B50-CC8B-4CB2-8F76-C6D7395F85A8}.Release|Any CPU.ActiveCfg = Release|Any CPU
		{0A5E0B50-CC8B-4CB2-8F76-C6D7395F85A8}.Release|Any CPU.Build.0 = Release|Any CPU
	EndGlobalSection
	GlobalSection(SolutionProperties) = preSolution
		HideSolutionNode = FALSE
	EndGlobalSection
	GlobalSection(ExtensibilityGlobals) = postSolution
		SolutionGuid = {2694C34B-65A9-4879-BEA5-0368C3B8D6F0}
	EndGlobalSection
EndGlobal
